// !$*UTF8*$!
{
	archiveVersion = 1;
	classes = {
	};
	objectVersion = 46;
	objects = {

/* Begin PBXBuildFile section */
		E5F4B2DB1A00680800B25359 /* AppDelegate.swift in Sources */ = {isa = PBXBuildFile; fileRef = E5F4B2DA1A00680800B25359 /* AppDelegate.swift */; };
		E5F4B2DD1A00680800B25359 /* ViewController.swift in Sources */ = {isa = PBXBuildFile; fileRef = E5F4B2DC1A00680800B25359 /* ViewController.swift */; };
		E5F4B2E01A00680800B25359 /* Main.storyboard in Resources */ = {isa = PBXBuildFile; fileRef = E5F4B2DE1A00680800B25359 /* Main.storyboard */; };
		E5F4B2E21A00680800B25359 /* Images.xcassets in Resources */ = {isa = PBXBuildFile; fileRef = E5F4B2E11A00680800B25359 /* Images.xcassets */; };
		E5F4B2E51A00680800B25359 /* LaunchScreen.xib in Resources */ = {isa = PBXBuildFile; fileRef = E5F4B2E31A00680800B25359 /* LaunchScreen.xib */; };
		E5F4B2F11A00680800B25359 /* GroceryListAppTests.swift in Sources */ = {isa = PBXBuildFile; fileRef = E5F4B2F01A00680800B25359 /* GroceryListAppTests.swift */; };
		E5F4B2FB1A006CC600B25359 /* BasicCell.xib in Resources */ = {isa = PBXBuildFile; fileRef = E5F4B2FA1A006CC600B25359 /* BasicCell.xib */; };
		E5F4B2FD1A006D2000B25359 /* TableController.swift in Sources */ = {isa = PBXBuildFile; fileRef = E5F4B2FC1A006D2000B25359 /* TableController.swift */; };
		E5F4B3011A0072F200B25359 /* AddItemViewViewController.swift in Sources */ = {isa = PBXBuildFile; fileRef = E5F4B3001A0072F200B25359 /* AddItemViewViewController.swift */; };
/* End PBXBuildFile section */

/* Begin PBXContainerItemProxy section */
		E5F4B2EB1A00680800B25359 /* PBXContainerItemProxy */ = {
			isa = PBXContainerItemProxy;
			containerPortal = E5F4B2CD1A00680800B25359 /* Project object */;
			proxyType = 1;
			remoteGlobalIDString = E5F4B2D41A00680800B25359;
			remoteInfo = GroceryListApp;
		};
/* End PBXContainerItemProxy section */

/* Begin PBXFileReference section */
		E5F4B2D51A00680800B25359 /* GroceryListApp.app */ = {isa = PBXFileReference; explicitFileType = wrapper.application; includeInIndex = 0; path = GroceryListApp.app; sourceTree = BUILT_PRODUCTS_DIR; };
		E5F4B2D91A00680800B25359 /* Info.plist */ = {isa = PBXFileReference; lastKnownFileType = text.plist.xml; path = Info.plist; sourceTree = "<group>"; };
		E5F4B2DA1A00680800B25359 /* AppDelegate.swift */ = {isa = PBXFileReference; lastKnownFileType = sourcecode.swift; path = AppDelegate.swift; sourceTree = "<group>"; };
		E5F4B2DC1A00680800B25359 /* ViewController.swift */ = {isa = PBXFileReference; lastKnownFileType = sourcecode.swift; path = ViewController.swift; sourceTree = "<group>"; };
		E5F4B2DF1A00680800B25359 /* Base */ = {isa = PBXFileReference; lastKnownFileType = file.storyboard; name = Base; path = Base.lproj/Main.storyboard; sourceTree = "<group>"; };
		E5F4B2E11A00680800B25359 /* Images.xcassets */ = {isa = PBXFileReference; lastKnownFileType = folder.assetcatalog; path = Images.xcassets; sourceTree = "<group>"; };
		E5F4B2E41A00680800B25359 /* Base */ = {isa = PBXFileReference; lastKnownFileType = file.xib; name = Base; path = Base.lproj/LaunchScreen.xib; sourceTree = "<group>"; };
		E5F4B2EA1A00680800B25359 /* GroceryListAppTests.xctest */ = {isa = PBXFileReference; explicitFileType = wrapper.cfbundle; includeInIndex = 0; path = GroceryListAppTests.xctest; sourceTree = BUILT_PRODUCTS_DIR; };
		E5F4B2EF1A00680800B25359 /* Info.plist */ = {isa = PBXFileReference; lastKnownFileType = text.plist.xml; path = Info.plist; sourceTree = "<group>"; };
		E5F4B2F01A00680800B25359 /* GroceryListAppTests.swift */ = {isa = PBXFileReference; lastKnownFileType = sourcecode.swift; path = GroceryListAppTests.swift; sourceTree = "<group>"; };
		E5F4B2FA1A006CC600B25359 /* BasicCell.xib */ = {isa = PBXFileReference; fileEncoding = 4; lastKnownFileType = file.xib; path = BasicCell.xib; sourceTree = "<group>"; };
		E5F4B2FC1A006D2000B25359 /* TableController.swift */ = {isa = PBXFileReference; fileEncoding = 4; lastKnownFileType = sourcecode.swift; path = TableController.swift; sourceTree = "<group>"; };
		E5F4B3001A0072F200B25359 /* AddItemViewViewController.swift */ = {isa = PBXFileReference; fileEncoding = 4; lastKnownFileType = sourcecode.swift; path = AddItemViewViewController.swift; sourceTree = "<group>"; };
/* End PBXFileReference section */

/* Begin PBXFrameworksBuildPhase section */
		E5F4B2D21A00680800B25359 /* Frameworks */ = {
			isa = PBXFrameworksBuildPhase;
			buildActionMask = 2147483647;
			files = (
			);
			runOnlyForDeploymentPostprocessing = 0;
		};
		E5F4B2E71A00680800B25359 /* Frameworks */ = {
			isa = PBXFrameworksBuildPhase;
			buildActionMask = 2147483647;
			files = (
			);
			runOnlyForDeploymentPostprocessing = 0;
		};
/* End PBXFrameworksBuildPhase section */

/* Begin PBXGroup section */
		E5F4B2CC1A00680800B25359 = {
			isa = PBXGroup;
			children = (
				E5F4B2D71A00680800B25359 /* GroceryListApp */,
				E5F4B2ED1A00680800B25359 /* GroceryListAppTests */,
				E5F4B2D61A00680800B25359 /* Products */,
			);
			sourceTree = "<group>";
		};
		E5F4B2D61A00680800B25359 /* Products */ = {
			isa = PBXGroup;
			children = (
				E5F4B2D51A00680800B25359 /* GroceryListApp.app */,
				E5F4B2EA1A00680800B25359 /* GroceryListAppTests.xctest */,
			);
			name = Products;
			sourceTree = "<group>";
		};
		E5F4B2D71A00680800B25359 /* GroceryListApp */ = {
			isa = PBXGroup;
			children = (
				E5F4B2DA1A00680800B25359 /* AppDelegate.swift */,
				E5F4B2DC1A00680800B25359 /* ViewController.swift */,
				E5F4B2DE1A00680800B25359 /* Main.storyboard */,
				E5F4B2FC1A006D2000B25359 /* TableController.swift */,
				E5F4B2E11A00680800B25359 /* Images.xcassets */,
				E5F4B3001A0072F200B25359 /* AddItemViewViewController.swift */,
				E5F4B2FA1A006CC600B25359 /* BasicCell.xib */,
				E5F4B2E31A00680800B25359 /* LaunchScreen.xib */,
				E5F4B2D81A00680800B25359 /* Supporting Files */,
			);
			path = GroceryListApp;
			sourceTree = "<group>";
		};
		E5F4B2D81A00680800B25359 /* Supporting Files */ = {
			isa = PBXGroup;
			children = (
				E5F4B2D91A00680800B25359 /* Info.plist */,
			);
			name = "Supporting Files";
			sourceTree = "<group>";
		};
		E5F4B2ED1A00680800B25359 /* GroceryListAppTests */ = {
			isa = PBXGroup;
			children = (
				E5F4B2F01A00680800B25359 /* GroceryListAppTests.swift */,
				E5F4B2EE1A00680800B25359 /* Supporting Files */,
			);
			path = GroceryListAppTests;
			sourceTree = "<group>";
		};
		E5F4B2EE1A00680800B25359 /* Supporting Files */ = {
			isa = PBXGroup;
			children = (
				E5F4B2EF1A00680800B25359 /* Info.plist */,
			);
			name = "Supporting Files";
			sourceTree = "<group>";
		};
/* End PBXGroup section */

/* Begin PBXNativeTarget section */
		E5F4B2D41A00680800B25359 /* GroceryListApp */ = {
			isa = PBXNativeTarget;
			buildConfigurationList = E5F4B2F41A00680800B25359 /* Build configuration list for PBXNativeTarget "GroceryListApp" */;
			buildPhases = (
				E5F4B2D11A00680800B25359 /* Sources */,
				E5F4B2D21A00680800B25359 /* Frameworks */,
				E5F4B2D31A00680800B25359 /* Resources */,
			);
			buildRules = (
			);
			dependencies = (
			);
			name = GroceryListApp;
			productName = GroceryListApp;
			productReference = E5F4B2D51A00680800B25359 /* GroceryListApp.app */;
			productType = "com.apple.product-type.application";
		};
		E5F4B2E91A00680800B25359 /* GroceryListAppTests */ = {
			isa = PBXNativeTarget;
			buildConfigurationList = E5F4B2F71A00680800B25359 /* Build configuration list for PBXNativeTarget "GroceryListAppTests" */;
			buildPhases = (
				E5F4B2E61A00680800B25359 /* Sources */,
				E5F4B2E71A00680800B25359 /* Frameworks */,
				E5F4B2E81A00680800B25359 /* Resources */,
			);
			buildRules = (
			);
			dependencies = (
				E5F4B2EC1A00680800B25359 /* PBXTargetDependency */,
			);
			name = GroceryListAppTests;
			productName = GroceryListAppTests;
			productReference = E5F4B2EA1A00680800B25359 /* GroceryListAppTests.xctest */;
			productType = "com.apple.product-type.bundle.unit-test";
		};
/* End PBXNativeTarget section */

/* Begin PBXProject section */
		E5F4B2CD1A00680800B25359 /* Project object */ = {
			isa = PBXProject;
			attributes = {
				LastUpgradeCheck = 0600;
				ORGANIZATIONNAME = "Barak Michaely";
				TargetAttributes = {
					E5F4B2D41A00680800B25359 = {
						CreatedOnToolsVersion = 6.0.1;
					};
					E5F4B2E91A00680800B25359 = {
						CreatedOnToolsVersion = 6.0.1;
						TestTargetID = E5F4B2D41A00680800B25359;
					};
				};
			};
			buildConfigurationList = E5F4B2D01A00680800B25359 /* Build configuration list for PBXProject "GroceryListApp" */;
			compatibilityVersion = "Xcode 3.2";
			developmentRegion = English;
			hasScannedForEncodings = 0;
			knownRegions = (
				en,
				Base,
			);
			mainGroup = E5F4B2CC1A00680800B25359;
			productRefGroup = E5F4B2D61A00680800B25359 /* Products */;
			projectDirPath = "";
			projectRoot = "";
			targets = (
				E5F4B2D41A00680800B25359 /* GroceryListApp */,
				E5F4B2E91A00680800B25359 /* GroceryListAppTests */,
			);
		};
/* End PBXProject section */

/* Begin PBXResourcesBuildPhase section */
		E5F4B2D31A00680800B25359 /* Resources */ = {
			isa = PBXResourcesBuildPhase;
			buildActionMask = 2147483647;
			files = (
				E5F4B2FB1A006CC600B25359 /* BasicCell.xib in Resources */,
				E5F4B2E01A00680800B25359 /* Main.storyboard in Resources */,
				E5F4B2E51A00680800B25359 /* LaunchScreen.xib in Resources */,
				E5F4B2E21A00680800B25359 /* Images.xcassets in Resources */,
			);
			runOnlyForDeploymentPostprocessing = 0;
		};
		E5F4B2E81A00680800B25359 /* Resources */ = {
			isa = PBXResourcesBuildPhase;
			buildActionMask = 2147483647;
			files = (
			);
			runOnlyForDeploymentPostprocessing = 0;
		};
/* End PBXResourcesBuildPhase section */

/* Begin PBXSourcesBuildPhase section */
		E5F4B2D11A00680800B25359 /* Sources */ = {
			isa = PBXSourcesBuildPhase;
			buildActionMask = 2147483647;
			files = (
				E5F4B3011A0072F200B25359 /* AddItemViewViewController.swift in Sources */,
				E5F4B2FD1A006D2000B25359 /* TableController.swift in Sources */,
				E5F4B2DD1A00680800B25359 /* ViewController.swift in Sources */,
				E5F4B2DB1A00680800B25359 /* AppDelegate.swift in Sources */,
			);
			runOnlyForDeploymentPostprocessing = 0;
		};
		E5F4B2E61A00680800B25359 /* Sources */ = {
			isa = PBXSourcesBuildPhase;
			buildActionMask = 2147483647;
			files = (
				E5F4B2F11A00680800B25359 /* GroceryListAppTests.swift in Sources */,
			);
			runOnlyForDeploymentPostprocessing = 0;
		};
/* End PBXSourcesBuildPhase section */

/* Begin PBXTargetDependency section */
		E5F4B2EC1A00680800B25359 /* PBXTargetDependency */ = {
			isa = PBXTargetDependency;
			target = E5F4B2D41A00680800B25359 /* GroceryListApp */;
			targetProxy = E5F4B2EB1A00680800B25359 /* PBXContainerItemProxy */;
		};
/* End PBXTargetDependency section */

/* Begin PBXVariantGroup section */
		E5F4B2DE1A00680800B25359 /* Main.storyboard */ = {
			isa = PBXVariantGroup;
			children = (
				E5F4B2DF1A00680800B25359 /* Base */,
			);
			name = Main.storyboard;
			sourceTree = "<group>";
		};
		E5F4B2E31A00680800B25359 /* LaunchScreen.xib */ = {
			isa = PBXVariantGroup;
			children = (
				E5F4B2E41A00680800B25359 /* Base */,
			);
			name = LaunchScreen.xib;
			sourceTree = "<group>";
		};
/* End PBXVariantGroup section */

/* Begin XCBuildConfiguration section */
		E5F4B2F21A00680800B25359 /* Debug */ = {
			isa = XCBuildConfiguration;
			buildSettings = {
				ALWAYS_SEARCH_USER_PATHS = NO;
				CLANG_CXX_LANGUAGE_STANDARD = "gnu++0x";
				CLANG_CXX_LIBRARY = "libc++";
				CLANG_ENABLE_MODULES = YES;
				CLANG_ENABLE_OBJC_ARC = YES;
				CLANG_WARN_BOOL_CONVERSION = YES;
				CLANG_WARN_CONSTANT_CONVERSION = YES;
				CLANG_WARN_DIRECT_OBJC_ISA_USAGE = YES_ERROR;
				CLANG_WARN_EMPTY_BODY = YES;
				CLANG_WARN_ENUM_CONVERSION = YES;
				CLANG_WARN_INT_CONVERSION = YES;
				CLANG_WARN_OBJC_ROOT_CLASS = YES_ERROR;
				CLANG_WARN_UNREACHABLE_CODE = YES;
				CLANG_WARN__DUPLICATE_METHOD_MATCH = YES;
				"CODE_SIGN_IDENTITY[sdk=iphoneos*]" = "iPhone Developer";
				COPY_PHASE_STRIP = NO;
				ENABLE_STRICT_OBJC_MSGSEND = YES;
				GCC_C_LANGUAGE_STANDARD = gnu99;
				GCC_DYNAMIC_NO_PIC = NO;
				GCC_OPTIMIZATION_LEVEL = 0;
				GCC_PREPROCESSOR_DEFINITIONS = (
					"DEBUG=1",
					"$(inherited)",
				);
				GCC_SYMBOLS_PRIVATE_EXTERN = NO;
				GCC_WARN_64_TO_32_BIT_CONVERSION = YES;
				GCC_WARN_ABOUT_RETURN_TYPE = YES_ERROR;
				GCC_WARN_UNDECLARED_SELECTOR = YES;
				GCC_WARN_UNINITIALIZED_AUTOS = YES_AGGRESSIVE;
				GCC_WARN_UNUSED_FUNCTION = YES;
				GCC_WARN_UNUSED_VARIABLE = YES;
				IPHONEOS_DEPLOYMENT_TARGET = 8.0;
				MTL_ENABLE_DEBUG_INFO = YES;
				ONLY_ACTIVE_ARCH = YES;
				SDKROOT = iphoneos;
				SWIFT_OPTIMIZATION_LEVEL = "-Onone";
			};
			name = Debug;
		};
		E5F4B2F31A00680800B25359 /* Release */ = {
			isa = XCBuildConfiguration;
			buildSettings = {
				ALWAYS_SEARCH_USER_PATHS = NO;
				CLANG_CXX_LANGUAGE_STANDARD = "gnu++0x";
				CLANG_CXX_LIBRARY = "libc++";
				CLANG_ENABLE_MODULES = YES;
				CLANG_ENABLE_OBJC_ARC = YES;
				CLANG_WARN_BOOL_CONVERSION = YES;
				CLANG_WARN_CONSTANT_CONVERSION = YES;
				CLANG_WARN_DIRECT_OBJC_ISA_USAGE = YES_ERROR;
				CLANG_WARN_EMPTY_BODY = YES;
				CLANG_WARN_ENUM_CONVERSION = YES;
				CLANG_WARN_INT_CONVERSION = YES;
				CLANG_WARN_OBJC_ROOT_CLASS = YES_ERROR;
				CLANG_WARN_UNREACHABLE_CODE = YES;
				CLANG_WARN__DUPLICATE_METHOD_MATCH = YES;
				"CODE_SIGN_IDENTITY[sdk=iphoneos*]" = "iPhone Developer";
				COPY_PHASE_STRIP = YES;
				ENABLE_NS_ASSERTIONS = NO;
				ENABLE_STRICT_OBJC_MSGSEND = YES;
				GCC_C_LANGUAGE_STANDARD = gnu99;
				GCC_WARN_64_TO_32_BIT_CONVERSION = YES;
				GCC_WARN_ABOUT_RETURN_TYPE = YES_ERROR;
				GCC_WARN_UNDECLARED_SELECTOR = YES;
				GCC_WARN_UNINITIALIZED_AUTOS = YES_AGGRESSIVE;
				GCC_WARN_UNUSED_FUNCTION = YES;
				GCC_WARN_UNUSED_VARIABLE = YES;
				IPHONEOS_DEPLOYMENT_TARGET = 8.0;
				MTL_ENABLE_DEBUG_INFO = NO;
				SDKROOT = iphoneos;
				VALIDATE_PRODUCT = YES;
			};
			name = Release;
		};
		E5F4B2F51A00680800B25359 /* Debug */ = {
			isa = XCBuildConfiguration;
			buildSettings = {
				ASSETCATALOG_COMPILER_APPICON_NAME = AppIcon;
				INFOPLIST_FILE = GroceryListApp/Info.plist;
				LD_RUNPATH_SEARCH_PATHS = "$(inherited) @executable_path/Frameworks";
				PRODUCT_NAME = "$(TARGET_NAME)";
			};
			name = Debug;
		};
		E5F4B2F61A00680800B25359 /* Release */ = {
			isa = XCBuildConfiguration;
			buildSettings = {
				ASSETCATALOG_COMPILER_APPICON_NAME = AppIcon;
				INFOPLIST_FILE = GroceryListApp/Info.plist;
				LD_RUNPATH_SEARCH_PATHS = "$(inherited) @executable_path/Frameworks";
				PRODUCT_NAME = "$(TARGET_NAME)";
			};
			name = Release;
		};
		E5F4B2F81A00680800B25359 /* Debug */ = {
			isa = XCBuildConfiguration;
			buildSettings = {
				BUNDLE_LOADER = "$(TEST_HOST)";
				FRAMEWORK_SEARCH_PATHS = (
					"$(SDKROOT)/Developer/Library/Frameworks",
					"$(inherited)",
				);
				GCC_PREPROCESSOR_DEFINITIONS = (
					"DEBUG=1",
					"$(inherited)",
				);
				INFOPLIST_FILE = GroceryListAppTests/Info.plist;
				LD_RUNPATH_SEARCH_PATHS = "$(inherited) @executable_path/Frameworks @loader_path/Frameworks";
				PRODUCT_NAME = "$(TARGET_NAME)";
				TEST_HOST = "$(BUILT_PRODUCTS_DIR)/GroceryListApp.app/GroceryListApp";
			};
			name = Debug;
		};
		E5F4B2F91A00680800B25359 /* Release */ = {
			isa = XCBuildConfiguration;
			buildSettings = {
				BUNDLE_LOADER = "$(TEST_HOST)";
				FRAMEWORK_SEARCH_PATHS = (
					"$(SDKROOT)/Developer/Library/Frameworks",
					"$(inherited)",
				);
				INFOPLIST_FILE = GroceryListAppTests/Info.plist;
				LD_RUNPATH_SEARCH_PATHS = "$(inherited) @executable_path/Frameworks @loader_path/Frameworks";
				PRODUCT_NAME = "$(TARGET_NAME)";
				TEST_HOST = "$(BUILT_PRODUCTS_DIR)/GroceryListApp.app/GroceryListApp";
			};
			name = Release;
		};
/* End XCBuildConfiguration section */

/* Begin XCConfigurationList section */
		E5F4B2D01A00680800B25359 /* Build configuration list for PBXProject "GroceryListApp" */ = {
			isa = XCConfigurationList;
			buildConfigurations = (
				E5F4B2F21A00680800B25359 /* Debug */,
				E5F4B2F31A00680800B25359 /* Release */,
			);
			defaultConfigurationIsVisible = 0;
			defaultConfigurationName = Release;
		};
		E5F4B2F41A00680800B25359 /* Build configuration list for PBXNativeTarget "GroceryListApp" */ = {
			isa = XCConfigurationList;
			buildConfigurations = (
				E5F4B2F51A00680800B25359 /* Debug */,
				E5F4B2F61A00680800B25359 /* Release */,
			);
			defaultConfigurationIsVisible = 0;
			defaultConfigurationName = Release;
		};
		E5F4B2F71A00680800B25359 /* Build configuration list for PBXNativeTarget "GroceryListAppTests" */ = {
			isa = XCConfigurationList;
			buildConfigurations = (
				E5F4B2F81A00680800B25359 /* Debug */,
				E5F4B2F91A00680800B25359 /* Release */,
			);
			defaultConfigurationIsVisible = 0;
			defaultConfigurationName = Release;
		};
/* End XCConfigurationList section */
	};
	rootObject = E5F4B2CD1A00680800B25359 /* Project object */;
}
